<?xml version="1.0" encoding="utf-8"?>
<Project ToolsVersion="4.0" xmlns="http://schemas.microsoft.com/developer/msbuild/2003">
  <ItemGroup>
    <Filter Include="SG">
      <UniqueIdentifier>{4FC737F1-C7A5-4376-A066-2A32D752A2FF}</UniqueIdentifier>
      <Extensions>cpp;c;cc;cxx;def;odl;idl;hpj;bat;asm;asmx</Extensions>
    </Filter>
    <Filter Include="TP">
      <UniqueIdentifier>{67DA6AB6-F800-4c08-8B7A-83BB121AAD01}</UniqueIdentifier>
      <Extensions>rc;ico;cur;bmp;dlg;rc2;rct;bin;rgs;gif;jpg;jpeg;jpe;resx;tiff;tif;png;wav;mfcribbon-ms</Extensions>
    </Filter>
    <Filter Include="LIB">
      <UniqueIdentifier>{cc2b0120-86c0-48ee-aa6e-7d343b16ed3a}</UniqueIdentifier>
    </Filter>
    <Filter Include="MASTER">
      <UniqueIdentifier>{8bd25307-bb05-40be-84f5-cc55206c2006}</UniqueIdentifier>
    </Filter>
    <Filter Include="BE_TESTED_CODE">
      <UniqueIdentifier>{b9700fcf-89ff-48b1-a90b-d49a284a407e}</UniqueIdentifier>
    </Filter>
    <Filter Include="DP">
      <UniqueIdentifier>{9c216a01-a8ad-4a16-b70c-0332bdd27a91}</UniqueIdentifier>
    </Filter>
  </ItemGroup>
  <ItemGroup>
    <ClCompile Include="main.cpp" />
    <ClCompile Include="test_arch.cpp">
      <Filter>LIB</Filter>
    </ClCompile>
    <ClCompile Include="..\optsp-ctpcore\arch.cpp">
      <Filter>BE_TESTED_CODE</Filter>
    </ClCompile>
    <ClCompile Include="..\optsp-ctpcore\config.cpp">
      <Filter>BE_TESTED_CODE</Filter>
    </ClCompile>
    <ClCompile Include="test_config.cpp">
      <Filter>MASTER</Filter>
    </ClCompile>
    <ClCompile Include="test_logger.cpp">
      <Filter>MASTER</Filter>
    </ClCompile>
    <ClCompile Include="..\optsp-ctpcore\logger.cpp">
      <Filter>BE_TESTED_CODE</Filter>
    </ClCompile>
  </ItemGroup>
  <ItemGroup>
    <ClInclude Include="test_arch.h">
      <Filter>LIB</Filter>
    </ClInclude>
    <ClInclude Include="..\optsp-ctpcore\arch.h">
      <Filter>BE_TESTED_CODE</Filter>
    </ClInclude>
    <ClInclude Include="..\optsp-ctpcore\config.h">
      <Filter>BE_TESTED_CODE</Filter>
    </ClInclude>
    <ClInclude Include="test_config.h">
      <Filter>MASTER</Filter>
    </ClInclude>
    <ClInclude Include="test_logger.h">
      <Filter>MASTER</Filter>
    </ClInclude>
    <ClInclude Include="..\optsp-ctpcore\logger.h">
      <Filter>BE_TESTED_CODE</Filter>
    </ClInclude>
    <ClInclude Include="..\optsp-ctpcore\datatype.hpp">
      <Filter>DP</Filter>
    </ClInclude>
  </ItemGroup>
</Project>