<?xml version="1.0" encoding="utf-8"?>
<Project ToolsVersion="4.0" xmlns="http://schemas.microsoft.com/developer/msbuild/2003">
  <ItemGroup>
    <Filter Include="platctp">
      <UniqueIdentifier>{67DA6AB6-F800-4c08-8B7A-83BB121AAD01}</UniqueIdentifier>
      <Extensions>rc;ico;cur;bmp;dlg;rc2;rct;bin;rgs;gif;jpg;jpeg;jpe;resx;tiff;tif;png;wav;mfcribbon-ms</Extensions>
    </Filter>
    <Filter Include="tech_verify">
      <UniqueIdentifier>{9c6f2733-2af1-4a09-910b-7c878bb53afe}</UniqueIdentifier>
    </Filter>
    <Filter Include="stgroup">
      <UniqueIdentifier>{4FC737F1-C7A5-4376-A066-2A32D752A2FF}</UniqueIdentifier>
      <Extensions>cpp;c;cc;cxx;def;odl;idl;hpj;bat;asm;asmx</Extensions>
    </Filter>
    <Filter Include="basemod">
      <UniqueIdentifier>{cc2b0120-86c0-48ee-aa6e-7d343b16ed3a}</UniqueIdentifier>
    </Filter>
    <Filter Include="under_test">
      <UniqueIdentifier>{e3779bd0-bf66-4211-840e-0a3635ac2157}</UniqueIdentifier>
    </Filter>
  </ItemGroup>
  <ItemGroup>
    <ClCompile Include="main.cpp" />
    <ClCompile Include="test_arch.cpp">
      <Filter>basemod</Filter>
    </ClCompile>
    <ClCompile Include="test_callback.cpp">
      <Filter>tech_verify</Filter>
    </ClCompile>
    <ClCompile Include="test_platctp.cpp">
      <Filter>platctp</Filter>
    </ClCompile>
    <ClCompile Include="test_config.cpp">
      <Filter>basemod</Filter>
    </ClCompile>
    <ClCompile Include="test_logger.cpp">
      <Filter>basemod</Filter>
    </ClCompile>
    <ClCompile Include="..\basemod\arch.cpp">
      <Filter>under_test</Filter>
    </ClCompile>
    <ClCompile Include="..\basemod\config.cpp">
      <Filter>under_test</Filter>
    </ClCompile>
    <ClCompile Include="..\basemod\logger.cpp">
      <Filter>under_test</Filter>
    </ClCompile>
    <ClCompile Include="..\platctp\platctp.cpp">
      <Filter>under_test</Filter>
    </ClCompile>
    <ClCompile Include="..\platctp\quotespi.cpp">
      <Filter>under_test</Filter>
    </ClCompile>
    <ClCompile Include="..\platctp\tradespi.cpp">
      <Filter>under_test</Filter>
    </ClCompile>
    <ClCompile Include="..\stgroup\stgroup.cpp">
      <Filter>under_test</Filter>
    </ClCompile>
  </ItemGroup>
  <ItemGroup>
    <ClInclude Include="test_arch.h">
      <Filter>basemod</Filter>
    </ClInclude>
    <ClInclude Include="test_callback.h">
      <Filter>tech_verify</Filter>
    </ClInclude>
    <ClInclude Include="test_platctp.h">
      <Filter>platctp</Filter>
    </ClInclude>
    <ClInclude Include="test_logger.h">
      <Filter>basemod</Filter>
    </ClInclude>
    <ClInclude Include="test_config.h">
      <Filter>basemod</Filter>
    </ClInclude>
    <ClInclude Include="..\include\arch.h">
      <Filter>under_test</Filter>
    </ClInclude>
    <ClInclude Include="..\include\config.h">
      <Filter>under_test</Filter>
    </ClInclude>
    <ClInclude Include="..\include\ctpapi.hpp">
      <Filter>under_test</Filter>
    </ClInclude>
    <ClInclude Include="..\include\datatype.hpp">
      <Filter>under_test</Filter>
    </ClInclude>
    <ClInclude Include="..\include\indexstruct.hpp">
      <Filter>under_test</Filter>
    </ClInclude>
    <ClInclude Include="..\include\logger.h">
      <Filter>under_test</Filter>
    </ClInclude>
    <ClInclude Include="..\include\magic.hpp">
      <Filter>under_test</Filter>
    </ClInclude>
    <ClInclude Include="..\include\platctp.h">
      <Filter>under_test</Filter>
    </ClInclude>
    <ClInclude Include="..\include\platstruct.hpp">
      <Filter>under_test</Filter>
    </ClInclude>
    <ClInclude Include="..\include\quotestruct.hpp">
      <Filter>under_test</Filter>
    </ClInclude>
    <ClInclude Include="..\include\statestruct.hpp">
      <Filter>under_test</Filter>
    </ClInclude>
    <ClInclude Include="..\include\stgroup.h">
      <Filter>under_test</Filter>
    </ClInclude>
    <ClInclude Include="..\include\tradestruct.hpp">
      <Filter>under_test</Filter>
    </ClInclude>
    <ClInclude Include="..\platctp\quotespi.h">
      <Filter>under_test</Filter>
    </ClInclude>
    <ClInclude Include="..\platctp\tradespi.h">
      <Filter>under_test</Filter>
    </ClInclude>
  </ItemGroup>
</Project>