<?xml version="1.0" encoding="utf-8"?>
<Project ToolsVersion="4.0" xmlns="http://schemas.microsoft.com/developer/msbuild/2003">
  <ItemGroup>
    <Filter Include="TP">
      <UniqueIdentifier>{3c4a6cff-8794-4170-bb96-ab379dfc9f25}</UniqueIdentifier>
    </Filter>
    <Filter Include="SG">
      <UniqueIdentifier>{5e468e7b-aafe-4459-8da2-07c302cbc9a4}</UniqueIdentifier>
    </Filter>
    <Filter Include="DP">
      <UniqueIdentifier>{f5108aaf-81ce-4c08-ad02-bbd79228a7e4}</UniqueIdentifier>
    </Filter>
    <Filter Include="LIB">
      <UniqueIdentifier>{93995380-89BD-4b04-88EB-625FBE52EBFB}</UniqueIdentifier>
      <Extensions>h;hh;hpp;hxx;hm;inl;inc;ipp;xsd</Extensions>
    </Filter>
    <Filter Include="MASTER">
      <UniqueIdentifier>{4FC737F1-C7A5-4376-A066-2A32D752A2FF}</UniqueIdentifier>
      <Extensions>cpp;c;cc;cxx;def;odl;idl;hpj;bat;asm;asmx</Extensions>
    </Filter>
  </ItemGroup>
  <ItemGroup>
    <ClCompile Include="master.cpp">
      <Filter>MASTER</Filter>
    </ClCompile>
    <ClCompile Include="main.cpp" />
    <ClCompile Include="platctp.cpp">
      <Filter>TP</Filter>
    </ClCompile>
    <ClCompile Include="stgroup.cpp">
      <Filter>SG</Filter>
    </ClCompile>
    <ClCompile Include="quotedp.cpp">
      <Filter>DP</Filter>
    </ClCompile>
    <ClCompile Include="tradedp.cpp">
      <Filter>DP</Filter>
    </ClCompile>
    <ClCompile Include="statedp.cpp">
      <Filter>DP</Filter>
    </ClCompile>
    <ClCompile Include="quotespi.cpp">
      <Filter>TP</Filter>
    </ClCompile>
    <ClCompile Include="tradespi.cpp">
      <Filter>TP</Filter>
    </ClCompile>
    <ClCompile Include="arch.cpp">
      <Filter>LIB</Filter>
    </ClCompile>
    <ClCompile Include="config.cpp">
      <Filter>MASTER</Filter>
    </ClCompile>
    <ClCompile Include="log.cpp">
      <Filter>MASTER</Filter>
    </ClCompile>
  </ItemGroup>
  <ItemGroup>
    <ClInclude Include="master.h">
      <Filter>MASTER</Filter>
    </ClInclude>
    <ClInclude Include="platctp.h">
      <Filter>TP</Filter>
    </ClInclude>
    <ClInclude Include="stgroup.h">
      <Filter>SG</Filter>
    </ClInclude>
    <ClInclude Include="quotedp.h">
      <Filter>DP</Filter>
    </ClInclude>
    <ClInclude Include="tradedp.h">
      <Filter>DP</Filter>
    </ClInclude>
    <ClInclude Include="statedp.h">
      <Filter>DP</Filter>
    </ClInclude>
    <ClInclude Include="quotespi.h">
      <Filter>TP</Filter>
    </ClInclude>
    <ClInclude Include="tradespi.h">
      <Filter>TP</Filter>
    </ClInclude>
    <ClInclude Include="quotestruct.hpp">
      <Filter>DP</Filter>
    </ClInclude>
    <ClInclude Include="tradestruct.hpp">
      <Filter>DP</Filter>
    </ClInclude>
    <ClInclude Include="statestruct.hpp">
      <Filter>DP</Filter>
    </ClInclude>
    <ClInclude Include="indexstruct.hpp">
      <Filter>DP</Filter>
    </ClInclude>
    <ClInclude Include="datatype.hpp">
      <Filter>DP</Filter>
    </ClInclude>
    <ClInclude Include="platstruct.hpp">
      <Filter>TP</Filter>
    </ClInclude>
    <ClInclude Include="const.hpp">
      <Filter>MASTER</Filter>
    </ClInclude>
    <ClInclude Include="arch.h">
      <Filter>LIB</Filter>
    </ClInclude>
    <ClInclude Include="config.h">
      <Filter>MASTER</Filter>
    </ClInclude>
    <ClInclude Include="log.h">
      <Filter>MASTER</Filter>
    </ClInclude>
  </ItemGroup>
</Project>